
Microsoft Visual Studio Solution File, Format Version 12.00
# Visual Studio 2013
VisualStudioVersion = 12.0.30723.0
MinimumVisualStudioVersion = 10.0.40219.1
Project("{8BC9CEB8-8B4A-11D0-8D11-00A0C91BC942}") = "Lab 0", "Lab 0\Lab 0.vcxproj", "{2A1A13AB-409E-41C4-B0BD-B85322FB3AFE}"
EndProject
Project("{8BC9CEB8-8B4A-11D0-8D11-00A0C91BC942}") = "Lab 1", "Lab 1\Lab 1.vcxproj", "{6311B37D-F5FC-4FB1-8582-82BE3A06566C}"
EndProject
Project("{8BC9CEB8-8B4A-11D0-8D11-00A0C91BC942}") = "Lab 2", "Lab 2\Lab 2.vcxproj", "{CF5EAB12-4B6F-4CA2-A3BC-A5F7DEFC641A}"
EndProject
Global
	GlobalSection(SolutionConfigurationPlatforms) = preSolution
		Debug|Win32 = Debug|Win32
		Release|Win32 = Release|Win32
	EndGlobalSection
	GlobalSection(ProjectConfigurationPlatforms) = postSolution
		{2A1A13AB-409E-41C4-B0BD-B85322FB3AFE}.Debug|Win32.ActiveCfg = Debug|Win32
		{2A1A13AB-409E-41C4-B0BD-B85322FB3AFE}.Debug|Win32.Build.0 = Debug|Win32
		{2A1A13AB-409E-41C4-B0BD-B85322FB3AFE}.Release|Win32.ActiveCfg = Release|Win32
		{2A1A13AB-409E-41C4-B0BD-B85322FB3AFE}.Release|Win32.Build.0 = Release|Win32
		{6311B37D-F5FC-4FB1-8582-82BE3A06566C}.Debug|Win32.ActiveCfg = Debug|Win32
		{6311B37D-F5FC-4FB1-8582-82BE3A06566C}.Debug|Win32.Build.0 = Debug|Win32
		{6311B37D-F5FC-4FB1-8582-82BE3A06566C}.Release|Win32.ActiveCfg = Release|Win32
		{6311B37D-F5FC-4FB1-8582-82BE3A06566C}.Release|Win32.Build.0 = Release|Win32
		{CF5EAB12-4B6F-4CA2-A3BC-A5F7DEFC641A}.Debug|Win32.ActiveCfg = Debug|Win32
		{CF5EAB12-4B6F-4CA2-A3BC-A5F7DEFC641A}.Debug|Win32.Build.0 = Debug|Win32
		{CF5EAB12-4B6F-4CA2-A3BC-A5F7DEFC641A}.Release|Win32.ActiveCfg = Release|Win32
		{CF5EAB12-4B6F-4CA2-A3BC-A5F7DEFC641A}.Release|Win32.Build.0 = Release|Win32
	EndGlobalSection
	GlobalSection(SolutionProperties) = preSolution
		HideSolutionNode = FALSE
	EndGlobalSection
EndGlobal
