<?xml version="1.0" encoding="utf-8"?>
<Project ToolsVersion="4.0" xmlns="http://schemas.microsoft.com/developer/msbuild/2003">
  <ItemGroup>
    <Filter Include="Header Files">
      <UniqueIdentifier>{68bcdf05-335e-46b3-9386-d7863f541bb9}</UniqueIdentifier>
      <Extensions>h;hpp;hxx;hm;inl;inc</Extensions>
    </Filter>
    <Filter Include="Resource Files">
      <UniqueIdentifier>{2e28269e-ef1c-4e22-8be5-97fa6dd8a173}</UniqueIdentifier>
      <Extensions>ico;cur;bmp;dlg;rc2;rct;bin;rgs;gif;jpg;jpeg;jpe</Extensions>
    </Filter>
    <Filter Include="Source Files">
      <UniqueIdentifier>{b3e295f4-3ee6-4b75-be32-9ef0eb64dafd}</UniqueIdentifier>
      <Extensions>cpp;c;cxx;rc;def;r;odl;idl;hpj;bat;asm</Extensions>
    </Filter>
  </ItemGroup>
  <ItemGroup>
    <None Include="Images\HELP.BMP">
      <Filter>Resource Files</Filter>
    </None>
    <None Include="Images\NEW.BMP">
      <Filter>Resource Files</Filter>
    </None>
    <None Include="Images\OPEN.BMP">
      <Filter>Resource Files</Filter>
    </None>
    <None Include="Images\PREVIEW.BMP">
      <Filter>Resource Files</Filter>
    </None>
    <None Include="Images\PRINT.BMP">
      <Filter>Resource Files</Filter>
    </None>
    <None Include="Images\SAVE.BMP">
      <Filter>Resource Files</Filter>
    </None>
    <None Include="ReadMe.htm" />
  </ItemGroup>
  <ItemGroup>
    <ClInclude Include="CustomControl.h">
      <Filter>Header Files</Filter>
    </ClInclude>
    <ClInclude Include="Scribble.h">
      <Filter>Header Files</Filter>
    </ClInclude>
    <ClInclude Include="ScribbleDoc.h">
      <Filter>Header Files</Filter>
    </ClInclude>
    <ClInclude Include="ScribbleView.h">
      <Filter>Header Files</Filter>
    </ClInclude>
    <ClInclude Include="StringDialog.h">
      <Filter>Header Files</Filter>
    </ClInclude>
    <ClInclude Include="Stroke.h">
      <Filter>Header Files</Filter>
    </ClInclude>
    <ClInclude Include="UnmanagedStringProvider.h">
      <Filter>Header Files</Filter>
    </ClInclude>
  </ItemGroup>
  <ItemGroup>
    <EmbeddedResource Include="Scribble.resx">
      <Filter>Header Files</Filter>
    </EmbeddedResource>
  </ItemGroup>
  <ItemGroup>
    <ClCompile Include="CustomControl.cpp">
      <Filter>Source Files</Filter>
    </ClCompile>
    <ClCompile Include="Scribble.cpp">
      <Filter>Source Files</Filter>
    </ClCompile>
    <ClCompile Include="ScribbleDoc.cpp">
      <Filter>Source Files</Filter>
    </ClCompile>
    <ClCompile Include="ScribbleView.cpp">
      <Filter>Source Files</Filter>
    </ClCompile>
    <ClCompile Include="StringDialog.cpp">
      <Filter>Source Files</Filter>
    </ClCompile>
    <ClCompile Include="Stroke.cpp">
      <Filter>Source Files</Filter>
    </ClCompile>
    <ClCompile Include="UnmanagedStringProvider.cpp">
      <Filter>Source Files</Filter>
    </ClCompile>
  </ItemGroup>
</Project>