
Microsoft Visual Studio Solution File, Format Version 12.00
# Visual Studio 2013
VisualStudioVersion = 12.0.30723.0
MinimumVisualStudioVersion = 10.0.40219.1
Project("{2150E333-8FDC-42A3-9474-1A3956D46DE8}") = "AVC (2011-2013)", "AVC (2011-2013)", "{CCD2DFE8-BDF0-4E46-B734-C14BAFBF6B58}"
EndProject
Project("{2150E333-8FDC-42A3-9474-1A3956D46DE8}") = "CSUN (2013-2015)", "CSUN (2013-2015)", "{154E97FB-F259-4DB7-95B1-04F7E1AE4947}"
EndProject
Project("{2150E333-8FDC-42A3-9474-1A3956D46DE8}") = "2011", "2011", "{4F58AB32-363A-495C-81BB-C27B0C7A6284}"
EndProject
Project("{2150E333-8FDC-42A3-9474-1A3956D46DE8}") = "2012", "2012", "{A2C72982-821E-4D4F-8339-5BDD2E69C3BC}"
EndProject
Project("{2150E333-8FDC-42A3-9474-1A3956D46DE8}") = "2013", "2013", "{5A40A3E6-BD72-4FCD-BAD5-7638011D4074}"
EndProject
Project("{2150E333-8FDC-42A3-9474-1A3956D46DE8}") = "Fall", "Fall", "{931FFC9E-93AE-417B-BF56-216F3C269FE7}"
EndProject
Project("{2150E333-8FDC-42A3-9474-1A3956D46DE8}") = "2014", "2014", "{9C48C67C-C1C9-48BA-B41D-9A61F966BF31}"
EndProject
Project("{2150E333-8FDC-42A3-9474-1A3956D46DE8}") = "2015", "2015", "{3716CDB4-F158-4E46-9021-3B8942CAF0D0}"
EndProject
Project("{2150E333-8FDC-42A3-9474-1A3956D46DE8}") = "Spring", "Spring", "{D88E788E-7E79-4160-B67C-37824D074BA5}"
EndProject
Project("{2150E333-8FDC-42A3-9474-1A3956D46DE8}") = "Fall", "Fall", "{8EA9417C-6F40-4E3D-931D-4627E274D4C7}"
EndProject
Project("{2150E333-8FDC-42A3-9474-1A3956D46DE8}") = "Spring", "Spring", "{B850B9D3-A5C2-45FF-A582-9D12D2BBDC8C}"
EndProject
Project("{2150E333-8FDC-42A3-9474-1A3956D46DE8}") = "Fall", "Fall", "{C4D83592-9ABA-42B1-B058-7E1F7FA66059}"
EndProject
Project("{2150E333-8FDC-42A3-9474-1A3956D46DE8}") = "2013", "2013", "{61D4566F-FFE6-419F-B850-DAB38B6A0D90}"
EndProject
Project("{2150E333-8FDC-42A3-9474-1A3956D46DE8}") = "Fall", "Fall", "{65FDA595-6F50-4C60-8D30-9678425A77BE}"
EndProject
Project("{2150E333-8FDC-42A3-9474-1A3956D46DE8}") = "Spring", "Spring", "{AC299398-5840-4697-AA0E-6AF53EE83B63}"
EndProject
Project("{2150E333-8FDC-42A3-9474-1A3956D46DE8}") = "Spring", "Spring", "{134C9528-5529-4E3A-9672-8F3794DA2D61}"
EndProject
Project("{2150E333-8FDC-42A3-9474-1A3956D46DE8}") = "COMP 111", "COMP 111", "{B6F85565-6AF9-4E0B-A16D-2FD41F38149F}"
	ProjectSection(SolutionItems) = preProject
		AVC\2011\Fall\COMP 111\Fall 2011 Sylabus.doc = AVC\2011\Fall\COMP 111\Fall 2011 Sylabus.doc
	EndProjectSection
EndProject
Project("{2150E333-8FDC-42A3-9474-1A3956D46DE8}") = "Assignments", "Assignments", "{ABA97F38-6228-4701-92B0-8D41F86B0721}"
EndProject
Project("{2150E333-8FDC-42A3-9474-1A3956D46DE8}") = "Solutions", "Solutions", "{36AB521C-5ABD-4B86-A509-BC4F443CCE5D}"
EndProject
Project("{2150E333-8FDC-42A3-9474-1A3956D46DE8}") = "Extra Credit", "Extra Credit", "{22498092-F500-47A7-BE64-648BB070BDDA}"
EndProject
Project("{2150E333-8FDC-42A3-9474-1A3956D46DE8}") = "Labs", "Labs", "{56F70514-4891-4618-8DB6-351C19439B30}"
EndProject
Project("{2150E333-8FDC-42A3-9474-1A3956D46DE8}") = "1", "1", "{A5B67CC8-8777-4BB5-8FA8-B6D86BC15F8C}"
EndProject
Project("{2150E333-8FDC-42A3-9474-1A3956D46DE8}") = "2", "2", "{982FC55E-B001-45AB-9400-DC49F882E937}"
EndProject
Project("{2150E333-8FDC-42A3-9474-1A3956D46DE8}") = "3", "3", "{60D81E5B-95A8-42E2-BEA3-1828E8AF722D}"
EndProject
Project("{2150E333-8FDC-42A3-9474-1A3956D46DE8}") = "4", "4", "{254AC8C5-84E8-4129-A49B-E0760F24B874}"
EndProject
Project("{2150E333-8FDC-42A3-9474-1A3956D46DE8}") = "5", "5", "{4687866E-0C8A-48D9-8811-C747FCCC3A69}"
EndProject
Project("{2150E333-8FDC-42A3-9474-1A3956D46DE8}") = "6", "6", "{920CEFE1-B04E-402E-80D0-595F1B9357E1}"
EndProject
Project("{2150E333-8FDC-42A3-9474-1A3956D46DE8}") = "7", "7", "{07FCA2C7-D376-48F5-84F2-2962EC0A8470}"
EndProject
Project("{2150E333-8FDC-42A3-9474-1A3956D46DE8}") = "8", "8", "{61340527-801C-47D2-8FE5-EE8B89D4BF48}"
EndProject
Project("{2150E333-8FDC-42A3-9474-1A3956D46DE8}") = "9", "9", "{5A7DFCE4-1D0B-433F-8B7D-3C96CD0FCE15}"
EndProject
Global
	GlobalSection(SolutionProperties) = preSolution
		HideSolutionNode = FALSE
	EndGlobalSection
	GlobalSection(NestedProjects) = preSolution
		{4F58AB32-363A-495C-81BB-C27B0C7A6284} = {CCD2DFE8-BDF0-4E46-B734-C14BAFBF6B58}
		{A2C72982-821E-4D4F-8339-5BDD2E69C3BC} = {CCD2DFE8-BDF0-4E46-B734-C14BAFBF6B58}
		{5A40A3E6-BD72-4FCD-BAD5-7638011D4074} = {CCD2DFE8-BDF0-4E46-B734-C14BAFBF6B58}
		{931FFC9E-93AE-417B-BF56-216F3C269FE7} = {61D4566F-FFE6-419F-B850-DAB38B6A0D90}
		{9C48C67C-C1C9-48BA-B41D-9A61F966BF31} = {154E97FB-F259-4DB7-95B1-04F7E1AE4947}
		{3716CDB4-F158-4E46-9021-3B8942CAF0D0} = {154E97FB-F259-4DB7-95B1-04F7E1AE4947}
		{D88E788E-7E79-4160-B67C-37824D074BA5} = {9C48C67C-C1C9-48BA-B41D-9A61F966BF31}
		{8EA9417C-6F40-4E3D-931D-4627E274D4C7} = {9C48C67C-C1C9-48BA-B41D-9A61F966BF31}
		{B850B9D3-A5C2-45FF-A582-9D12D2BBDC8C} = {3716CDB4-F158-4E46-9021-3B8942CAF0D0}
		{C4D83592-9ABA-42B1-B058-7E1F7FA66059} = {3716CDB4-F158-4E46-9021-3B8942CAF0D0}
		{61D4566F-FFE6-419F-B850-DAB38B6A0D90} = {154E97FB-F259-4DB7-95B1-04F7E1AE4947}
		{65FDA595-6F50-4C60-8D30-9678425A77BE} = {4F58AB32-363A-495C-81BB-C27B0C7A6284}
		{AC299398-5840-4697-AA0E-6AF53EE83B63} = {A2C72982-821E-4D4F-8339-5BDD2E69C3BC}
		{134C9528-5529-4E3A-9672-8F3794DA2D61} = {5A40A3E6-BD72-4FCD-BAD5-7638011D4074}
		{B6F85565-6AF9-4E0B-A16D-2FD41F38149F} = {65FDA595-6F50-4C60-8D30-9678425A77BE}
		{ABA97F38-6228-4701-92B0-8D41F86B0721} = {B6F85565-6AF9-4E0B-A16D-2FD41F38149F}
		{36AB521C-5ABD-4B86-A509-BC4F443CCE5D} = {B6F85565-6AF9-4E0B-A16D-2FD41F38149F}
		{22498092-F500-47A7-BE64-648BB070BDDA} = {ABA97F38-6228-4701-92B0-8D41F86B0721}
		{56F70514-4891-4618-8DB6-351C19439B30} = {ABA97F38-6228-4701-92B0-8D41F86B0721}
		{A5B67CC8-8777-4BB5-8FA8-B6D86BC15F8C} = {56F70514-4891-4618-8DB6-351C19439B30}
		{982FC55E-B001-45AB-9400-DC49F882E937} = {56F70514-4891-4618-8DB6-351C19439B30}
		{60D81E5B-95A8-42E2-BEA3-1828E8AF722D} = {56F70514-4891-4618-8DB6-351C19439B30}
		{254AC8C5-84E8-4129-A49B-E0760F24B874} = {56F70514-4891-4618-8DB6-351C19439B30}
		{4687866E-0C8A-48D9-8811-C747FCCC3A69} = {56F70514-4891-4618-8DB6-351C19439B30}
		{920CEFE1-B04E-402E-80D0-595F1B9357E1} = {56F70514-4891-4618-8DB6-351C19439B30}
		{07FCA2C7-D376-48F5-84F2-2962EC0A8470} = {56F70514-4891-4618-8DB6-351C19439B30}
		{61340527-801C-47D2-8FE5-EE8B89D4BF48} = {56F70514-4891-4618-8DB6-351C19439B30}
		{5A7DFCE4-1D0B-433F-8B7D-3C96CD0FCE15} = {56F70514-4891-4618-8DB6-351C19439B30}
	EndGlobalSection
EndGlobal
