
Microsoft Visual Studio Solution File, Format Version 12.00
# Visual Studio 2013
VisualStudioVersion = 12.0.30723.0
MinimumVisualStudioVersion = 10.0.40219.1
Project("{8BC9CEB8-8B4A-11D0-8D11-00A0C91BC942}") = "Lab 0", "Lab 0\Lab 0.vcxproj", "{2A1A13AB-409E-41C4-B0BD-B85322FB3AFE}"
EndProject
Project("{8BC9CEB8-8B4A-11D0-8D11-00A0C91BC942}") = "Lab 1", "Lab 1\Lab 1.vcxproj", "{6311B37D-F5FC-4FB1-8582-82BE3A06566C}"
EndProject
Project("{8BC9CEB8-8B4A-11D0-8D11-00A0C91BC942}") = "Lab 2", "Lab 2\Lab 2.vcxproj", "{CF5EAB12-4B6F-4CA2-A3BC-A5F7DEFC641A}"
EndProject
Project("{8BC9CEB8-8B4A-11D0-8D11-00A0C91BC942}") = "Lab 3", "Lab 3\Lab 3.vcxproj", "{4B3AA85D-AB31-44DF-9035-6A36A8DFEDEF}"
EndProject
Project("{8BC9CEB8-8B4A-11D0-8D11-00A0C91BC942}") = "Lab 5", "Lab 5\Lab 5.vcxproj", "{A6DE2259-04A0-4B02-A45F-439D82826F93}"
EndProject
Project("{8BC9CEB8-8B4A-11D0-8D11-00A0C91BC942}") = "Lab 6", "Lab 6\Lab 6.vcxproj", "{D2027219-5DFC-49FA-B601-DC6988EC0B85}"
EndProject
Project("{8BC9CEB8-8B4A-11D0-8D11-00A0C91BC942}") = "Lab 7", "Lab 7\Lab 7.vcxproj", "{77829494-14CC-40D3-B59D-01F8445EE6BB}"
EndProject
Project("{8BC9CEB8-8B4A-11D0-8D11-00A0C91BC942}") = "Lab 4", "Lab 4\Lab 4.vcxproj", "{90C70915-8A5B-44D8-862E-9410C790EB3E}"
EndProject
Global
	GlobalSection(SolutionConfigurationPlatforms) = preSolution
		Debug|Win32 = Debug|Win32
		Release|Win32 = Release|Win32
	EndGlobalSection
	GlobalSection(ProjectConfigurationPlatforms) = postSolution
		{2A1A13AB-409E-41C4-B0BD-B85322FB3AFE}.Debug|Win32.ActiveCfg = Debug|Win32
		{2A1A13AB-409E-41C4-B0BD-B85322FB3AFE}.Debug|Win32.Build.0 = Debug|Win32
		{2A1A13AB-409E-41C4-B0BD-B85322FB3AFE}.Release|Win32.ActiveCfg = Release|Win32
		{2A1A13AB-409E-41C4-B0BD-B85322FB3AFE}.Release|Win32.Build.0 = Release|Win32
		{6311B37D-F5FC-4FB1-8582-82BE3A06566C}.Debug|Win32.ActiveCfg = Debug|Win32
		{6311B37D-F5FC-4FB1-8582-82BE3A06566C}.Debug|Win32.Build.0 = Debug|Win32
		{6311B37D-F5FC-4FB1-8582-82BE3A06566C}.Release|Win32.ActiveCfg = Release|Win32
		{6311B37D-F5FC-4FB1-8582-82BE3A06566C}.Release|Win32.Build.0 = Release|Win32
		{CF5EAB12-4B6F-4CA2-A3BC-A5F7DEFC641A}.Debug|Win32.ActiveCfg = Debug|Win32
		{CF5EAB12-4B6F-4CA2-A3BC-A5F7DEFC641A}.Debug|Win32.Build.0 = Debug|Win32
		{CF5EAB12-4B6F-4CA2-A3BC-A5F7DEFC641A}.Release|Win32.ActiveCfg = Release|Win32
		{CF5EAB12-4B6F-4CA2-A3BC-A5F7DEFC641A}.Release|Win32.Build.0 = Release|Win32
		{4B3AA85D-AB31-44DF-9035-6A36A8DFEDEF}.Debug|Win32.ActiveCfg = Debug|Win32
		{4B3AA85D-AB31-44DF-9035-6A36A8DFEDEF}.Debug|Win32.Build.0 = Debug|Win32
		{4B3AA85D-AB31-44DF-9035-6A36A8DFEDEF}.Release|Win32.ActiveCfg = Release|Win32
		{4B3AA85D-AB31-44DF-9035-6A36A8DFEDEF}.Release|Win32.Build.0 = Release|Win32
		{A6DE2259-04A0-4B02-A45F-439D82826F93}.Debug|Win32.ActiveCfg = Debug|Win32
		{A6DE2259-04A0-4B02-A45F-439D82826F93}.Debug|Win32.Build.0 = Debug|Win32
		{A6DE2259-04A0-4B02-A45F-439D82826F93}.Release|Win32.ActiveCfg = Release|Win32
		{A6DE2259-04A0-4B02-A45F-439D82826F93}.Release|Win32.Build.0 = Release|Win32
		{D2027219-5DFC-49FA-B601-DC6988EC0B85}.Debug|Win32.ActiveCfg = Debug|Win32
		{D2027219-5DFC-49FA-B601-DC6988EC0B85}.Debug|Win32.Build.0 = Debug|Win32
		{D2027219-5DFC-49FA-B601-DC6988EC0B85}.Release|Win32.ActiveCfg = Release|Win32
		{D2027219-5DFC-49FA-B601-DC6988EC0B85}.Release|Win32.Build.0 = Release|Win32
		{77829494-14CC-40D3-B59D-01F8445EE6BB}.Debug|Win32.ActiveCfg = Debug|Win32
		{77829494-14CC-40D3-B59D-01F8445EE6BB}.Debug|Win32.Build.0 = Debug|Win32
		{77829494-14CC-40D3-B59D-01F8445EE6BB}.Release|Win32.ActiveCfg = Release|Win32
		{77829494-14CC-40D3-B59D-01F8445EE6BB}.Release|Win32.Build.0 = Release|Win32
		{90C70915-8A5B-44D8-862E-9410C790EB3E}.Debug|Win32.ActiveCfg = Debug|Win32
		{90C70915-8A5B-44D8-862E-9410C790EB3E}.Debug|Win32.Build.0 = Debug|Win32
		{90C70915-8A5B-44D8-862E-9410C790EB3E}.Release|Win32.ActiveCfg = Release|Win32
		{90C70915-8A5B-44D8-862E-9410C790EB3E}.Release|Win32.Build.0 = Release|Win32
	EndGlobalSection
	GlobalSection(SolutionProperties) = preSolution
		HideSolutionNode = FALSE
	EndGlobalSection
EndGlobal
